// !$*UTF8*$!
{
	archiveVersion = 1;
	classes = {
	};
	objectVersion = 46;
	objects = {

/* Begin PBXBuildFile section */
		9B09862715D89F27006F8B63 /* UIKit.framework in Frameworks */ = {isa = PBXBuildFile; fileRef = 9B09862615D89F27006F8B63 /* UIKit.framework */; };
		9B09862915D89F27006F8B63 /* Foundation.framework in Frameworks */ = {isa = PBXBuildFile; fileRef = 9B09862815D89F27006F8B63 /* Foundation.framework */; };
		9B09862B15D89F27006F8B63 /* CoreGraphics.framework in Frameworks */ = {isa = PBXBuildFile; fileRef = 9B09862A15D89F27006F8B63 /* CoreGraphics.framework */; };
		9B09862D15D89F27006F8B63 /* CoreData.framework in Frameworks */ = {isa = PBXBuildFile; fileRef = 9B09862C15D89F27006F8B63 /* CoreData.framework */; };
		9B09863315D89F27006F8B63 /* InfoPlist.strings in Resources */ = {isa = PBXBuildFile; fileRef = 9B09863115D89F27006F8B63 /* InfoPlist.strings */; };
		9B09863515D89F27006F8B63 /* main.m in Sources */ = {isa = PBXBuildFile; fileRef = 9B09863415D89F27006F8B63 /* main.m */; };
		9B09863915D89F27006F8B63 /* TAAppDelegate.m in Sources */ = {isa = PBXBuildFile; fileRef = 9B09863815D89F27006F8B63 /* TAAppDelegate.m */; };
		9B09863C15D89F27006F8B63 /* Tourism_App.xcdatamodeld in Sources */ = {isa = PBXBuildFile; fileRef = 9B09863A15D89F27006F8B63 /* Tourism_App.xcdatamodeld */; };
		9B09864415D89F28006F8B63 /* SenTestingKit.framework in Frameworks */ = {isa = PBXBuildFile; fileRef = 9B09864315D89F28006F8B63 /* SenTestingKit.framework */; };
		9B09864515D89F28006F8B63 /* UIKit.framework in Frameworks */ = {isa = PBXBuildFile; fileRef = 9B09862615D89F27006F8B63 /* UIKit.framework */; };
		9B09864615D89F28006F8B63 /* Foundation.framework in Frameworks */ = {isa = PBXBuildFile; fileRef = 9B09862815D89F27006F8B63 /* Foundation.framework */; };
		9B09864715D89F28006F8B63 /* CoreData.framework in Frameworks */ = {isa = PBXBuildFile; fileRef = 9B09862C15D89F27006F8B63 /* CoreData.framework */; };
		9B09864F15D89F28006F8B63 /* InfoPlist.strings in Resources */ = {isa = PBXBuildFile; fileRef = 9B09864D15D89F28006F8B63 /* InfoPlist.strings */; };
		9B09865215D89F28006F8B63 /* Tourism_AppTests.m in Sources */ = {isa = PBXBuildFile; fileRef = 9B09865115D89F28006F8B63 /* Tourism_AppTests.m */; };
/* End PBXBuildFile section */

/* Begin PBXContainerItemProxy section */
		9B09864815D89F28006F8B63 /* PBXContainerItemProxy */ = {
			isa = PBXContainerItemProxy;
			containerPortal = 9B09861915D89F27006F8B63 /* Project object */;
			proxyType = 1;
			remoteGlobalIDString = 9B09862115D89F27006F8B63;
			remoteInfo = "Tourism App";
		};
/* End PBXContainerItemProxy section */

/* Begin PBXFileReference section */
		9B09862215D89F27006F8B63 /* Tourism App.app */ = {isa = PBXFileReference; explicitFileType = wrapper.application; includeInIndex = 0; path = "Tourism App.app"; sourceTree = BUILT_PRODUCTS_DIR; };
		9B09862615D89F27006F8B63 /* UIKit.framework */ = {isa = PBXFileReference; lastKnownFileType = wrapper.framework; name = UIKit.framework; path = System/Library/Frameworks/UIKit.framework; sourceTree = SDKROOT; };
		9B09862815D89F27006F8B63 /* Foundation.framework */ = {isa = PBXFileReference; lastKnownFileType = wrapper.framework; name = Foundation.framework; path = System/Library/Frameworks/Foundation.framework; sourceTree = SDKROOT; };
		9B09862A15D89F27006F8B63 /* CoreGraphics.framework */ = {isa = PBXFileReference; lastKnownFileType = wrapper.framework; name = CoreGraphics.framework; path = System/Library/Frameworks/CoreGraphics.framework; sourceTree = SDKROOT; };
		9B09862C15D89F27006F8B63 /* CoreData.framework */ = {isa = PBXFileReference; lastKnownFileType = wrapper.framework; name = CoreData.framework; path = System/Library/Frameworks/CoreData.framework; sourceTree = SDKROOT; };
		9B09863015D89F27006F8B63 /* Tourism App-Info.plist */ = {isa = PBXFileReference; path = "Tourism App-Info.plist"; sourceTree = "<group>"; };
		9B09863215D89F27006F8B63 /* en */ = {isa = PBXFileReference; lastKnownFileType = text.plist.strings; name = en; path = en.lproj/InfoPlist.strings; sourceTree = "<group>"; };
		9B09863415D89F27006F8B63 /* main.m */ = {isa = PBXFileReference; lastKnownFileType = sourcecode.c.objc; path = main.m; sourceTree = "<group>"; };
		9B09863615D89F27006F8B63 /* Tourism App-Prefix.pch */ = {isa = PBXFileReference; path = "Tourism App-Prefix.pch"; sourceTree = "<group>"; };
		9B09863715D89F27006F8B63 /* TAAppDelegate.h */ = {isa = PBXFileReference; path = TAAppDelegate.h; sourceTree = "<group>"; };
		9B09863815D89F27006F8B63 /* TAAppDelegate.m */ = {isa = PBXFileReference; lastKnownFileType = sourcecode.c.objc; path = TAAppDelegate.m; sourceTree = "<group>"; };
		9B09863B15D89F27006F8B63 /* Tourism_App.xcdatamodel */ = {isa = PBXFileReference; lastKnownFileType = wrapper.xcdatamodel; path = Tourism_App.xcdatamodel; sourceTree = "<group>"; };
		9B09864215D89F28006F8B63 /* Tourism AppTests.octest */ = {isa = PBXFileReference; explicitFileType = wrapper.cfbundle; includeInIndex = 0; path = "Tourism AppTests.octest"; sourceTree = BUILT_PRODUCTS_DIR; };
		9B09864315D89F28006F8B63 /* SenTestingKit.framework */ = {isa = PBXFileReference; lastKnownFileType = wrapper.framework; name = SenTestingKit.framework; path = Library/Frameworks/SenTestingKit.framework; sourceTree = DEVELOPER_DIR; };
		9B09864C15D89F28006F8B63 /* Tourism AppTests-Info.plist */ = {isa = PBXFileReference; path = "Tourism AppTests-Info.plist"; sourceTree = "<group>"; };
		9B09864E15D89F28006F8B63 /* en */ = {isa = PBXFileReference; lastKnownFileType = text.plist.strings; name = en; path = en.lproj/InfoPlist.strings; sourceTree = "<group>"; };
		9B09865015D89F28006F8B63 /* Tourism_AppTests.h */ = {isa = PBXFileReference; path = Tourism_AppTests.h; sourceTree = "<group>"; };
		9B09865115D89F28006F8B63 /* Tourism_AppTests.m */ = {isa = PBXFileReference; lastKnownFileType = sourcecode.c.objc; path = Tourism_AppTests.m; sourceTree = "<group>"; };
/* End PBXFileReference section */

/* Begin PBXFrameworksBuildPhase section */
		9B09861F15D89F27006F8B63 /* Frameworks */ = {
			isa = PBXFrameworksBuildPhase;
			buildActionMask = 2147483647;
			files = (
				9B09862715D89F27006F8B63 /* UIKit.framework in Frameworks */,
				9B09862915D89F27006F8B63 /* Foundation.framework in Frameworks */,
				9B09862B15D89F27006F8B63 /* CoreGraphics.framework in Frameworks */,
				9B09862D15D89F27006F8B63 /* CoreData.framework in Frameworks */,
			);
			runOnlyForDeploymentPostprocessing = 0;
		};
		9B09863E15D89F28006F8B63 /* Frameworks */ = {
			isa = PBXFrameworksBuildPhase;
			buildActionMask = 2147483647;
			files = (
				9B09864415D89F28006F8B63 /* SenTestingKit.framework in Frameworks */,
				9B09864515D89F28006F8B63 /* UIKit.framework in Frameworks */,
				9B09864615D89F28006F8B63 /* Foundation.framework in Frameworks */,
				9B09864715D89F28006F8B63 /* CoreData.framework in Frameworks */,
			);
			runOnlyForDeploymentPostprocessing = 0;
		};
/* End PBXFrameworksBuildPhase section */

/* Begin PBXGroup section */
		9B09861715D89F27006F8B63 = {
			isa = PBXGroup;
			children = (
				9B09862E15D89F27006F8B63 /* Tourism App */,
				9B09864A15D89F28006F8B63 /* Tourism AppTests */,
				9B09862515D89F27006F8B63 /* Frameworks */,
				9B09862315D89F27006F8B63 /* Products */,
			);
			sourceTree = "<group>";
		};
		9B09862315D89F27006F8B63 /* Products */ = {
			isa = PBXGroup;
			children = (
				9B09862215D89F27006F8B63 /* Tourism App.app */,
				9B09864215D89F28006F8B63 /* Tourism AppTests.octest */,
			);
			name = Products;
			sourceTree = "<group>";
		};
		9B09862515D89F27006F8B63 /* Frameworks */ = {
			isa = PBXGroup;
			children = (
				9B09862615D89F27006F8B63 /* UIKit.framework */,
				9B09862815D89F27006F8B63 /* Foundation.framework */,
				9B09862A15D89F27006F8B63 /* CoreGraphics.framework */,
				9B09862C15D89F27006F8B63 /* CoreData.framework */,
				9B09864315D89F28006F8B63 /* SenTestingKit.framework */,
			);
			name = Frameworks;
			sourceTree = "<group>";
		};
		9B09862E15D89F27006F8B63 /* Tourism App */ = {
			isa = PBXGroup;
			children = (
				9B09863715D89F27006F8B63 /* TAAppDelegate.h */,
				9B09863815D89F27006F8B63 /* TAAppDelegate.m */,
				9B09863A15D89F27006F8B63 /* Tourism_App.xcdatamodeld */,
				9B09862F15D89F27006F8B63 /* Supporting Files */,
			);
			path = "Tourism App";
			sourceTree = "<group>";
		};
		9B09862F15D89F27006F8B63 /* Supporting Files */ = {
			isa = PBXGroup;
			children = (
				9B09863015D89F27006F8B63 /* Tourism App-Info.plist */,
				9B09863115D89F27006F8B63 /* InfoPlist.strings */,
				9B09863415D89F27006F8B63 /* main.m */,
				9B09863615D89F27006F8B63 /* Tourism App-Prefix.pch */,
			);
			name = "Supporting Files";
			sourceTree = "<group>";
		};
		9B09864A15D89F28006F8B63 /* Tourism AppTests */ = {
			isa = PBXGroup;
			children = (
				9B09865015D89F28006F8B63 /* Tourism_AppTests.h */,
				9B09865115D89F28006F8B63 /* Tourism_AppTests.m */,
				9B09864B15D89F28006F8B63 /* Supporting Files */,
			);
			path = "Tourism AppTests";
			sourceTree = "<group>";
		};
		9B09864B15D89F28006F8B63 /* Supporting Files */ = {
			isa = PBXGroup;
			children = (
				9B09864C15D89F28006F8B63 /* Tourism AppTests-Info.plist */,
				9B09864D15D89F28006F8B63 /* InfoPlist.strings */,
			);
			name = "Supporting Files";
			sourceTree = "<group>";
		};
/* End PBXGroup section */

/* Begin PBXNativeTarget section */
		9B09862115D89F27006F8B63 /* Tourism App */ = {
			isa = PBXNativeTarget;
			buildConfigurationList = 9B09865515D89F28006F8B63 /* Build configuration list for PBXNativeTarget "Tourism App" */;
			buildPhases = (
				9B09861E15D89F27006F8B63 /* Sources */,
				9B09861F15D89F27006F8B63 /* Frameworks */,
				9B09862015D89F27006F8B63 /* Resources */,
			);
			buildRules = (
			);
			dependencies = (
			);
			name = "Tourism App";
			productName = "Tourism App";
			productReference = 9B09862215D89F27006F8B63 /* Tourism App.app */;
			productType = "com.apple.product-type.application";
		};
		9B09864115D89F28006F8B63 /* Tourism AppTests */ = {
			isa = PBXNativeTarget;
			buildConfigurationList = 9B09865815D89F28006F8B63 /* Build configuration list for PBXNativeTarget "Tourism AppTests" */;
			buildPhases = (
				9B09863D15D89F28006F8B63 /* Sources */,
				9B09863E15D89F28006F8B63 /* Frameworks */,
				9B09863F15D89F28006F8B63 /* Resources */,
				9B09864015D89F28006F8B63 /* ShellScript */,
			);
			buildRules = (
			);
			dependencies = (
				9B09864915D89F28006F8B63 /* PBXTargetDependency */,
			);
			name = "Tourism AppTests";
			productName = "Tourism AppTests";
			productReference = 9B09864215D89F28006F8B63 /* Tourism AppTests.octest */;
			productType = "com.apple.product-type.bundle";
		};
/* End PBXNativeTarget section */

/* Begin PBXProject section */
		9B09861915D89F27006F8B63 /* Project object */ = {
			isa = PBXProject;
			attributes = {
				CLASSPREFIX = TA;
				LastUpgradeCheck = 0430;
			};
			buildConfigurationList = 9B09861C15D89F27006F8B63 /* Build configuration list for PBXProject "Tourism App" */;
			compatibilityVersion = "Xcode 3.2";
			developmentRegion = English;
			hasScannedForEncodings = 0;
			knownRegions = (
				en,
			);
			mainGroup = 9B09861715D89F27006F8B63;
			productRefGroup = 9B09862315D89F27006F8B63 /* Products */;
			projectDirPath = "";
			projectRoot = "";
			targets = (
				9B09862115D89F27006F8B63 /* Tourism App */,
				9B09864115D89F28006F8B63 /* Tourism AppTests */,
			);
		};
/* End PBXProject section */

/* Begin PBXResourcesBuildPhase section */
		9B09862015D89F27006F8B63 /* Resources */ = {
			isa = PBXResourcesBuildPhase;
			buildActionMask = 2147483647;
			files = (
				9B09863315D89F27006F8B63 /* InfoPlist.strings in Resources */,
			);
			runOnlyForDeploymentPostprocessing = 0;
		};
		9B09863F15D89F28006F8B63 /* Resources */ = {
			isa = PBXResourcesBuildPhase;
			buildActionMask = 2147483647;
			files = (
				9B09864F15D89F28006F8B63 /* InfoPlist.strings in Resources */,
			);
			runOnlyForDeploymentPostprocessing = 0;
		};
/* End PBXResourcesBuildPhase section */

/* Begin PBXShellScriptBuildPhase section */
		9B09864015D89F28006F8B63 /* ShellScript */ = {
			isa = PBXShellScriptBuildPhase;
			buildActionMask = 2147483647;
			files = (
			);
			inputPaths = (
			);
			outputPaths = (
			);
			runOnlyForDeploymentPostprocessing = 0;
			shellPath = /bin/sh;
			shellScript = "# Run the unit tests in this test bundle.\n\"${SYSTEM_DEVELOPER_DIR}/Tools/RunUnitTests\"\n";
		};
/* End PBXShellScriptBuildPhase section */

/* Begin PBXSourcesBuildPhase section */
		9B09861E15D89F27006F8B63 /* Sources */ = {
			isa = PBXSourcesBuildPhase;
			buildActionMask = 2147483647;
			files = (
				9B09863515D89F27006F8B63 /* main.m in Sources */,
				9B09863915D89F27006F8B63 /* TAAppDelegate.m in Sources */,
				9B09863C15D89F27006F8B63 /* Tourism_App.xcdatamodeld in Sources */,
			);
			runOnlyForDeploymentPostprocessing = 0;
		};
		9B09863D15D89F28006F8B63 /* Sources */ = {
			isa = PBXSourcesBuildPhase;
			buildActionMask = 2147483647;
			files = (
				9B09865215D89F28006F8B63 /* Tourism_AppTests.m in Sources */,
			);
			runOnlyForDeploymentPostprocessing = 0;
		};
/* End PBXSourcesBuildPhase section */

/* Begin PBXTargetDependency section */
		9B09864915D89F28006F8B63 /* PBXTargetDependency */ = {
			isa = PBXTargetDependency;
			target = 9B09862115D89F27006F8B63 /* Tourism App */;
			targetProxy = 9B09864815D89F28006F8B63 /* PBXContainerItemProxy */;
		};
/* End PBXTargetDependency section */

/* Begin PBXVariantGroup section */
		9B09863115D89F27006F8B63 /* InfoPlist.strings */ = {
			isa = PBXVariantGroup;
			children = (
				9B09863215D89F27006F8B63 /* en */,
			);
			name = InfoPlist.strings;
			sourceTree = "<group>";
		};
		9B09864D15D89F28006F8B63 /* InfoPlist.strings */ = {
			isa = PBXVariantGroup;
			children = (
				9B09864E15D89F28006F8B63 /* en */,
			);
			name = InfoPlist.strings;
			sourceTree = "<group>";
		};
/* End PBXVariantGroup section */

/* Begin XCBuildConfiguration section */
		9B09865315D89F28006F8B63 /* Debug */ = {
			isa = XCBuildConfiguration;
			buildSettings = {
				ALWAYS_SEARCH_USER_PATHS = NO;
				ARCHS = "$(ARCHS_STANDARD_32_BIT)";
				"CODE_SIGN_IDENTITY[sdk=iphoneos*]" = "iPhone Developer";
				COPY_PHASE_STRIP = NO;
				GCC_C_LANGUAGE_STANDARD = gnu99;
				GCC_DYNAMIC_NO_PIC = NO;
				GCC_OPTIMIZATION_LEVEL = 0;
				GCC_PREPROCESSOR_DEFINITIONS = (
					"DEBUG=1",
					"$(inherited)",
				);
				GCC_SYMBOLS_PRIVATE_EXTERN = NO;
				GCC_VERSION = com.apple.compilers.llvm.clang.1_0;
				GCC_WARN_ABOUT_RETURN_TYPE = YES;
				GCC_WARN_UNINITIALIZED_AUTOS = YES;
				GCC_WARN_UNUSED_VARIABLE = YES;
				IPHONEOS_DEPLOYMENT_TARGET = 5.1;
				SDKROOT = iphoneos;
			};
			name = Debug;
		};
		9B09865415D89F28006F8B63 /* Release */ = {
			isa = XCBuildConfiguration;
			buildSettings = {
				ALWAYS_SEARCH_USER_PATHS = NO;
				ARCHS = "$(ARCHS_STANDARD_32_BIT)";
				"CODE_SIGN_IDENTITY[sdk=iphoneos*]" = "iPhone Developer";
				COPY_PHASE_STRIP = YES;
				GCC_C_LANGUAGE_STANDARD = gnu99;
				GCC_VERSION = com.apple.compilers.llvm.clang.1_0;
				GCC_WARN_ABOUT_RETURN_TYPE = YES;
				GCC_WARN_UNINITIALIZED_AUTOS = YES;
				GCC_WARN_UNUSED_VARIABLE = YES;
				IPHONEOS_DEPLOYMENT_TARGET = 5.1;
				OTHER_CFLAGS = "-DNS_BLOCK_ASSERTIONS=1";
				SDKROOT = iphoneos;
				VALIDATE_PRODUCT = YES;
			};
			name = Release;
		};
		9B09865615D89F28006F8B63 /* Debug */ = {
			isa = XCBuildConfiguration;
			buildSettings = {
				GCC_PRECOMPILE_PREFIX_HEADER = YES;
				GCC_PREFIX_HEADER = "Tourism App/Tourism App-Prefix.pch";
				INFOPLIST_FILE = "Tourism App/Tourism App-Info.plist";
				PRODUCT_NAME = "$(TARGET_NAME)";
				WRAPPER_EXTENSION = app;
			};
			name = Debug;
		};
		9B09865715D89F28006F8B63 /* Release */ = {
			isa = XCBuildConfiguration;
			buildSettings = {
				GCC_PRECOMPILE_PREFIX_HEADER = YES;
				GCC_PREFIX_HEADER = "Tourism App/Tourism App-Prefix.pch";
				INFOPLIST_FILE = "Tourism App/Tourism App-Info.plist";
				PRODUCT_NAME = "$(TARGET_NAME)";
				WRAPPER_EXTENSION = app;
			};
			name = Release;
		};
		9B09865915D89F28006F8B63 /* Debug */ = {
			isa = XCBuildConfiguration;
			buildSettings = {
				BUNDLE_LOADER = "$(BUILT_PRODUCTS_DIR)/Tourism App.app/Tourism App";
				FRAMEWORK_SEARCH_PATHS = (
					"$(SDKROOT)/Developer/Library/Frameworks",
					"$(DEVELOPER_LIBRARY_DIR)/Frameworks",
				);
				GCC_PRECOMPILE_PREFIX_HEADER = YES;
				GCC_PREFIX_HEADER = "Tourism App/Tourism App-Prefix.pch";
				INFOPLIST_FILE = "Tourism AppTests/Tourism AppTests-Info.plist";
				PRODUCT_NAME = "$(TARGET_NAME)";
				TEST_HOST = "$(BUNDLE_LOADER)";
				WRAPPER_EXTENSION = octest;
			};
			name = Debug;
		};
		9B09865A15D89F28006F8B63 /* Release */ = {
			isa = XCBuildConfiguration;
			buildSettings = {
				BUNDLE_LOADER = "$(BUILT_PRODUCTS_DIR)/Tourism App.app/Tourism App";
				FRAMEWORK_SEARCH_PATHS = (
					"$(SDKROOT)/Developer/Library/Frameworks",
					"$(DEVELOPER_LIBRARY_DIR)/Frameworks",
				);
				GCC_PRECOMPILE_PREFIX_HEADER = YES;
				GCC_PREFIX_HEADER = "Tourism App/Tourism App-Prefix.pch";
				INFOPLIST_FILE = "Tourism AppTests/Tourism AppTests-Info.plist";
				PRODUCT_NAME = "$(TARGET_NAME)";
				TEST_HOST = "$(BUNDLE_LOADER)";
				WRAPPER_EXTENSION = octest;
			};
			name = Release;
		};
/* End XCBuildConfiguration section */

/* Begin XCConfigurationList section */
		9B09861C15D89F27006F8B63 /* Build configuration list for PBXProject "Tourism App" */ = {
			isa = XCConfigurationList;
			buildConfigurations = (
				9B09865315D89F28006F8B63 /* Debug */,
				9B09865415D89F28006F8B63 /* Release */,
			);
			defaultConfigurationIsVisible = 0;
			defaultConfigurationName = Release;
		};
		9B09865515D89F28006F8B63 /* Build configuration list for PBXNativeTarget "Tourism App" */ = {
			isa = XCConfigurationList;
			buildConfigurations = (
				9B09865615D89F28006F8B63 /* Debug */,
				9B09865715D89F28006F8B63 /* Release */,
			);
			defaultConfigurationIsVisible = 0;
		};
		9B09865815D89F28006F8B63 /* Build configuration list for PBXNativeTarget "Tourism AppTests" */ = {
			isa = XCConfigurationList;
			buildConfigurations = (
				9B09865915D89F28006F8B63 /* Debug */,
				9B09865A15D89F28006F8B63 /* Release */,
			);
			defaultConfigurationIsVisible = 0;
		};
/* End XCConfigurationList section */

/* Begin XCVersionGroup section */
		9B09863A15D89F27006F8B63 /* Tourism_App.xcdatamodeld */ = {
			isa = XCVersionGroup;
			children = (
				9B09863B15D89F27006F8B63 /* Tourism_App.xcdatamodel */,
			);
			currentVersion = 9B09863B15D89F27006F8B63 /* Tourism_App.xcdatamodel */;
			path = Tourism_App.xcdatamodeld;
			sourceTree = "<group>";
			versionGroupType = wrapper.xcdatamodel;
		};
/* End XCVersionGroup section */
	};
	rootObject = 9B09861915D89F27006F8B63 /* Project object */;
}
